
Microsoft Visual Studio Solution File, Format Version 12.00
# Visual Studio Version 17
VisualStudioVersion = 17.0.32014.148
MinimumVisualStudioVersion = 10.0.40219.1
Project("{FAE04EC0-301F-11D3-BF4B-00C04F79EFBC}") = "sort", "sort\sort.csproj", "{76061A1D-D63C-4809-93E1-840A619ACE98}"
EndProject
Global
	GlobalSection(SolutionConfigurationPlatforms) = preSolution
		Debug|Any CPU = Debug|Any CPU
		Release|Any CPU = Release|Any CPU
	EndGlobalSection
	GlobalSection(ProjectConfigurationPlatforms) = postSolution
		{76061A1D-D63C-4809-93E1-840A619ACE98}.Debug|Any CPU.ActiveCfg = Debug|Any CPU
		{76061A1D-D63C-4809-93E1-840A619ACE98}.Debug|Any CPU.Build.0 = Debug|Any CPU
		{76061A1D-D63C-4809-93E1-840A619ACE98}.Release|Any CPU.ActiveCfg = Release|Any CPU
		{76061A1D-D63C-4809-93E1-840A619ACE98}.Release|Any CPU.Build.0 = Release|Any CPU
	EndGlobalSection
	GlobalSection(SolutionProperties) = preSolution
		HideSolutionNode = FALSE
	EndGlobalSection
	GlobalSection(ExtensibilityGlobals) = postSolution
		SolutionGuid = {D51D5377-2C32-4079-90B3-3E5F7E368984}
	EndGlobalSection
EndGlobal
