
Microsoft Visual Studio Solution File, Format Version 12.00
# Visual Studio Version 17
VisualStudioVersion = 17.0.32014.148
MinimumVisualStudioVersion = 10.0.40219.1
Project("{FAE04EC0-301F-11D3-BF4B-00C04F79EFBC}") = "ClassPerson", "ClassPerson\ClassPerson.csproj", "{1DD255F7-B256-4380-84F6-7D52037924E9}"
EndProject
Global
	GlobalSection(SolutionConfigurationPlatforms) = preSolution
		Debug|Any CPU = Debug|Any CPU
		Release|Any CPU = Release|Any CPU
	EndGlobalSection
	GlobalSection(ProjectConfigurationPlatforms) = postSolution
		{1DD255F7-B256-4380-84F6-7D52037924E9}.Debug|Any CPU.ActiveCfg = Debug|Any CPU
		{1DD255F7-B256-4380-84F6-7D52037924E9}.Debug|Any CPU.Build.0 = Debug|Any CPU
		{1DD255F7-B256-4380-84F6-7D52037924E9}.Release|Any CPU.ActiveCfg = Release|Any CPU
		{1DD255F7-B256-4380-84F6-7D52037924E9}.Release|Any CPU.Build.0 = Release|Any CPU
	EndGlobalSection
	GlobalSection(SolutionProperties) = preSolution
		HideSolutionNode = FALSE
	EndGlobalSection
	GlobalSection(ExtensibilityGlobals) = postSolution
		SolutionGuid = {05EC5C19-A58E-43A5-8F3F-5D1E45323B92}
	EndGlobalSection
EndGlobal
